
Microsoft Visual Studio Solution File, Format Version 12.00
Project("{FAE04EC0-301F-11D3-BF4B-00C04F79EFBC}") = "Dpad", "Dpad.csproj", "{48EF5FD8-A336-4307-9785-4F555F1A40A5}"
EndProject
Global
	GlobalSection(SolutionConfigurationPlatforms) = preSolution
		Debug|Any CPU = Debug|Any CPU
		Release|Any CPU = Release|Any CPU
	EndGlobalSection
	GlobalSection(ProjectConfigurationPlatforms) = postSolution
		{48EF5FD8-A336-4307-9785-4F555F1A40A5}.Debug|Any CPU.ActiveCfg = Debug|Any CPU
		{48EF5FD8-A336-4307-9785-4F555F1A40A5}.Debug|Any CPU.Build.0 = Debug|Any CPU
		{48EF5FD8-A336-4307-9785-4F555F1A40A5}.Release|Any CPU.ActiveCfg = Release|Any CPU
		{48EF5FD8-A336-4307-9785-4F555F1A40A5}.Release|Any CPU.Build.0 = Release|Any CPU
	EndGlobalSection
EndGlobal
